
Microsoft Visual Studio Solution File, Format Version 12.00
# Visual Studio Version 16
VisualStudioVersion = 16.0.31702.278
MinimumVisualStudioVersion = 10.0.40219.1
Project("{FAE04EC0-301F-11D3-BF4B-00C04F79EFBC}") = "MovieRegistration", "MovieRegistration\MovieRegistration.csproj", "{AE5D9869-866F-46CC-ACB8-39A4C703D67E}"
EndProject
Global
	GlobalSection(SolutionConfigurationPlatforms) = preSolution
		Debug|Any CPU = Debug|Any CPU
		Release|Any CPU = Release|Any CPU
	EndGlobalSection
	GlobalSection(ProjectConfigurationPlatforms) = postSolution
		{AE5D9869-866F-46CC-ACB8-39A4C703D67E}.Debug|Any CPU.ActiveCfg = Debug|Any CPU
		{AE5D9869-866F-46CC-ACB8-39A4C703D67E}.Debug|Any CPU.Build.0 = Debug|Any CPU
		{AE5D9869-866F-46CC-ACB8-39A4C703D67E}.Release|Any CPU.ActiveCfg = Release|Any CPU
		{AE5D9869-866F-46CC-ACB8-39A4C703D67E}.Release|Any CPU.Build.0 = Release|Any CPU
	EndGlobalSection
	GlobalSection(SolutionProperties) = preSolution
		HideSolutionNode = FALSE
	EndGlobalSection
	GlobalSection(ExtensibilityGlobals) = postSolution
		SolutionGuid = {C1CEB382-2812-4667-8AF2-33AEBE11FCA2}
	EndGlobalSection
EndGlobal
